
Microsoft Visual Studio Solution File, Format Version 12.00
# Visual Studio 14
VisualStudioVersion = 14.0.25123.0
MinimumVisualStudioVersion = 10.0.40219.1
Project("{FAE10FE0-CFDD-40A8-8635-1BA2703BB0AD}") = "Sitecore.Support.131527", "Sitecore.Support.131527\Sitecore.Support.131527.csproj", "{D8972152-F35B-46C3-80F9-9EDD7AD361F4}"
EndProject
Global
	GlobalSection(SolutionConfigurationPlatforms) = preSolution
		Debug|Any CPU = Debug|Any CPU
		Release|Any CPU = Release|Any CPU
	EndGlobalSection
	GlobalSection(ProjectConfigurationPlatforms) = postSolution
		{D8972152-F35B-46C3-80F9-9EDD7AD361F4}.Debug|Any CPU.ActiveCfg = Debug|Any CPU
		{D8972152-F35B-46C3-80F9-9EDD7AD361F4}.Debug|Any CPU.Build.0 = Debug|Any CPU
		{D8972152-F35B-46C3-80F9-9EDD7AD361F4}.Release|Any CPU.ActiveCfg = Release|Any CPU
		{D8972152-F35B-46C3-80F9-9EDD7AD361F4}.Release|Any CPU.Build.0 = Release|Any CPU
	EndGlobalSection
	GlobalSection(SolutionProperties) = preSolution
		HideSolutionNode = FALSE
	EndGlobalSection
EndGlobal
